
Microsoft Visual Studio Solution File, Format Version 12.00
# Visual Studio 15
VisualStudioVersion = 15.0.27428.2043
MinimumVisualStudioVersion = 10.0.40219.1
Project("{FAE04EC0-301F-11D3-BF4B-00C04F79EFBC}") = "QuanLyKaraoke", "QuanLyKaraoke\QuanLyKaraoke.csproj", "{9A80847B-2C57-41ED-A24B-036ABE27FFF6}"
EndProject
Global
	GlobalSection(SolutionConfigurationPlatforms) = preSolution
		Debug|Any CPU = Debug|Any CPU
		Release|Any CPU = Release|Any CPU
	EndGlobalSection
	GlobalSection(ProjectConfigurationPlatforms) = postSolution
		{9A80847B-2C57-41ED-A24B-036ABE27FFF6}.Debug|Any CPU.ActiveCfg = Debug|Any CPU
		{9A80847B-2C57-41ED-A24B-036ABE27FFF6}.Debug|Any CPU.Build.0 = Debug|Any CPU
		{9A80847B-2C57-41ED-A24B-036ABE27FFF6}.Release|Any CPU.ActiveCfg = Release|Any CPU
		{9A80847B-2C57-41ED-A24B-036ABE27FFF6}.Release|Any CPU.Build.0 = Release|Any CPU
	EndGlobalSection
	GlobalSection(SolutionProperties) = preSolution
		HideSolutionNode = FALSE
	EndGlobalSection
	GlobalSection(ExtensibilityGlobals) = postSolution
		SolutionGuid = {9A2E84A3-C0E3-4ABA-A51E-9B880A470E46}
	EndGlobalSection
EndGlobal
